
Microsoft Visual Studio Solution File, Format Version 12.00
# Visual Studio Version 16
VisualStudioVersion = 16.0.30907.101
MinimumVisualStudioVersion = 10.0.40219.1
Project("{FAE04EC0-301F-11D3-BF4B-00C04F79EFBC}") = "DateSerializationBinary", "DateSerializationBinary\DateSerializationBinary.csproj", "{952128C9-8379-4511-A589-12CD722CF2CD}"
EndProject
Global
	GlobalSection(SolutionConfigurationPlatforms) = preSolution
		Debug|Any CPU = Debug|Any CPU
		Release|Any CPU = Release|Any CPU
	EndGlobalSection
	GlobalSection(ProjectConfigurationPlatforms) = postSolution
		{952128C9-8379-4511-A589-12CD722CF2CD}.Debug|Any CPU.ActiveCfg = Debug|Any CPU
		{952128C9-8379-4511-A589-12CD722CF2CD}.Debug|Any CPU.Build.0 = Debug|Any CPU
		{952128C9-8379-4511-A589-12CD722CF2CD}.Release|Any CPU.ActiveCfg = Release|Any CPU
		{952128C9-8379-4511-A589-12CD722CF2CD}.Release|Any CPU.Build.0 = Release|Any CPU
	EndGlobalSection
	GlobalSection(SolutionProperties) = preSolution
		HideSolutionNode = FALSE
	EndGlobalSection
	GlobalSection(ExtensibilityGlobals) = postSolution
		SolutionGuid = {79FD64C5-7719-4BE0-8A2C-EB667358CB3D}
	EndGlobalSection
EndGlobal
